// !$*UTF8*$!
{
	archiveVersion = 1;
	classes = {
	};
	objectVersion = 46;
	objects = {

/* Begin PBXBuildFile section */
		8449D5771DBB3D3F0080515E /* AppDelegate.swift in Sources */ = {isa = PBXBuildFile; fileRef = 8449D5761DBB3D3F0080515E /* AppDelegate.swift */; };
		8449D5791DBB3D3F0080515E /* ViewController.swift in Sources */ = {isa = PBXBuildFile; fileRef = 8449D5781DBB3D3F0080515E /* ViewController.swift */; };
		8449D57C1DBB3D3F0080515E /* Main.storyboard in Resources */ = {isa = PBXBuildFile; fileRef = 8449D57A1DBB3D3F0080515E /* Main.storyboard */; };
		8449D57E1DBB3D3F0080515E /* Assets.xcassets in Resources */ = {isa = PBXBuildFile; fileRef = 8449D57D1DBB3D3F0080515E /* Assets.xcassets */; };
		8449D5811DBB3D3F0080515E /* LaunchScreen.storyboard in Resources */ = {isa = PBXBuildFile; fileRef = 8449D57F1DBB3D3F0080515E /* LaunchScreen.storyboard */; };
		8449D58C1DBB3D3F0080515E /* testTests.swift in Sources */ = {isa = PBXBuildFile; fileRef = 8449D58B1DBB3D3F0080515E /* testTests.swift */; };
		8449D5971DBB3D3F0080515E /* testUITests.swift in Sources */ = {isa = PBXBuildFile; fileRef = 8449D5961DBB3D3F0080515E /* testUITests.swift */; };
/* End PBXBuildFile section */

/* Begin PBXContainerItemProxy section */
		8449D5881DBB3D3F0080515E /* PBXContainerItemProxy */ = {
			isa = PBXContainerItemProxy;
			containerPortal = 8449D56B1DBB3D3F0080515E /* Project object */;
			proxyType = 1;
			remoteGlobalIDString = 8449D5721DBB3D3F0080515E;
			remoteInfo = test;
		};
		8449D5931DBB3D3F0080515E /* PBXContainerItemProxy */ = {
			isa = PBXContainerItemProxy;
			containerPortal = 8449D56B1DBB3D3F0080515E /* Project object */;
			proxyType = 1;
			remoteGlobalIDString = 8449D5721DBB3D3F0080515E;
			remoteInfo = test;
		};
/* End PBXContainerItemProxy section */

/* Begin PBXFileReference section */
		8449D5731DBB3D3F0080515E /* test.app */ = {isa = PBXFileReference; explicitFileType = wrapper.application; includeInIndex = 0; path = test.app; sourceTree = BUILT_PRODUCTS_DIR; };
		8449D5761DBB3D3F0080515E /* AppDelegate.swift */ = {isa = PBXFileReference; lastKnownFileType = sourcecode.swift; path = AppDelegate.swift; sourceTree = "<group>"; };
		8449D5781DBB3D3F0080515E /* ViewController.swift */ = {isa = PBXFileReference; lastKnownFileType = sourcecode.swift; path = ViewController.swift; sourceTree = "<group>"; };
		8449D57B1DBB3D3F0080515E /* Base */ = {isa = PBXFileReference; lastKnownFileType = file.storyboard; name = Base; path = Base.lproj/Main.storyboard; sourceTree = "<group>"; };
		8449D57D1DBB3D3F0080515E /* Assets.xcassets */ = {isa = PBXFileReference; lastKnownFileType = folder.assetcatalog; path = Assets.xcassets; sourceTree = "<group>"; };
		8449D5801DBB3D3F0080515E /* Base */ = {isa = PBXFileReference; lastKnownFileType = file.storyboard; name = Base; path = Base.lproj/LaunchScreen.storyboard; sourceTree = "<group>"; };
		8449D5821DBB3D3F0080515E /* Info.plist */ = {isa = PBXFileReference; lastKnownFileType = text.plist.xml; path = Info.plist; sourceTree = "<group>"; };
		8449D5871DBB3D3F0080515E /* testTests.xctest */ = {isa = PBXFileReference; explicitFileType = wrapper.cfbundle; includeInIndex = 0; path = testTests.xctest; sourceTree = BUILT_PRODUCTS_DIR; };
		8449D58B1DBB3D3F0080515E /* testTests.swift */ = {isa = PBXFileReference; lastKnownFileType = sourcecode.swift; path = testTests.swift; sourceTree = "<group>"; };
		8449D58D1DBB3D3F0080515E /* Info.plist */ = {isa = PBXFileReference; lastKnownFileType = text.plist.xml; path = Info.plist; sourceTree = "<group>"; };
		8449D5921DBB3D3F0080515E /* testUITests.xctest */ = {isa = PBXFileReference; explicitFileType = wrapper.cfbundle; includeInIndex = 0; path = testUITests.xctest; sourceTree = BUILT_PRODUCTS_DIR; };
		8449D5961DBB3D3F0080515E /* testUITests.swift */ = {isa = PBXFileReference; lastKnownFileType = sourcecode.swift; path = testUITests.swift; sourceTree = "<group>"; };
		8449D5981DBB3D3F0080515E /* Info.plist */ = {isa = PBXFileReference; lastKnownFileType = text.plist.xml; path = Info.plist; sourceTree = "<group>"; };
/* End PBXFileReference section */

/* Begin PBXFrameworksBuildPhase section */
		8449D5701DBB3D3F0080515E /* Frameworks */ = {
			isa = PBXFrameworksBuildPhase;
			buildActionMask = 2147483647;
			files = (
			);
			runOnlyForDeploymentPostprocessing = 0;
		};
		8449D5841DBB3D3F0080515E /* Frameworks */ = {
			isa = PBXFrameworksBuildPhase;
			buildActionMask = 2147483647;
			files = (
			);
			runOnlyForDeploymentPostprocessing = 0;
		};
		8449D58F1DBB3D3F0080515E /* Frameworks */ = {
			isa = PBXFrameworksBuildPhase;
			buildActionMask = 2147483647;
			files = (
			);
			runOnlyForDeploymentPostprocessing = 0;
		};
/* End PBXFrameworksBuildPhase section */

/* Begin PBXGroup section */
		8449D56A1DBB3D3F0080515E = {
			isa = PBXGroup;
			children = (
				8449D5751DBB3D3F0080515E /* test */,
				8449D58A1DBB3D3F0080515E /* testTests */,
				8449D5951DBB3D3F0080515E /* testUITests */,
				8449D5741DBB3D3F0080515E /* Products */,
			);
			sourceTree = "<group>";
		};
		8449D5741DBB3D3F0080515E /* Products */ = {
			isa = PBXGroup;
			children = (
				8449D5731DBB3D3F0080515E /* test.app */,
				8449D5871DBB3D3F0080515E /* testTests.xctest */,
				8449D5921DBB3D3F0080515E /* testUITests.xctest */,
			);
			name = Products;
			sourceTree = "<group>";
		};
		8449D5751DBB3D3F0080515E /* test */ = {
			isa = PBXGroup;
			children = (
				8449D5761DBB3D3F0080515E /* AppDelegate.swift */,
				8449D5781DBB3D3F0080515E /* ViewController.swift */,
				8449D57A1DBB3D3F0080515E /* Main.storyboard */,
				8449D57D1DBB3D3F0080515E /* Assets.xcassets */,
				8449D57F1DBB3D3F0080515E /* LaunchScreen.storyboard */,
				8449D5821DBB3D3F0080515E /* Info.plist */,
			);
			path = test;
			sourceTree = "<group>";
		};
		8449D58A1DBB3D3F0080515E /* testTests */ = {
			isa = PBXGroup;
			children = (
				8449D58B1DBB3D3F0080515E /* testTests.swift */,
				8449D58D1DBB3D3F0080515E /* Info.plist */,
			);
			path = testTests;
			sourceTree = "<group>";
		};
		8449D5951DBB3D3F0080515E /* testUITests */ = {
			isa = PBXGroup;
			children = (
				8449D5961DBB3D3F0080515E /* testUITests.swift */,
				8449D5981DBB3D3F0080515E /* Info.plist */,
			);
			path = testUITests;
			sourceTree = "<group>";
		};
/* End PBXGroup section */

/* Begin PBXNativeTarget section */
		8449D5721DBB3D3F0080515E /* test */ = {
			isa = PBXNativeTarget;
			buildConfigurationList = 8449D59B1DBB3D3F0080515E /* Build configuration list for PBXNativeTarget "test" */;
			buildPhases = (
				8449D56F1DBB3D3F0080515E /* Sources */,
				8449D5701DBB3D3F0080515E /* Frameworks */,
				8449D5711DBB3D3F0080515E /* Resources */,
			);
			buildRules = (
			);
			dependencies = (
			);
			name = test;
			productName = test;
			productReference = 8449D5731DBB3D3F0080515E /* test.app */;
			productType = "com.apple.product-type.application";
		};
		8449D5861DBB3D3F0080515E /* testTests */ = {
			isa = PBXNativeTarget;
			buildConfigurationList = 8449D59E1DBB3D3F0080515E /* Build configuration list for PBXNativeTarget "testTests" */;
			buildPhases = (
				8449D5831DBB3D3F0080515E /* Sources */,
				8449D5841DBB3D3F0080515E /* Frameworks */,
				8449D5851DBB3D3F0080515E /* Resources */,
			);
			buildRules = (
			);
			dependencies = (
				8449D5891DBB3D3F0080515E /* PBXTargetDependency */,
			);
			name = testTests;
			productName = testTests;
			productReference = 8449D5871DBB3D3F0080515E /* testTests.xctest */;
			productType = "com.apple.product-type.bundle.unit-test";
		};
		8449D5911DBB3D3F0080515E /* testUITests */ = {
			isa = PBXNativeTarget;
			buildConfigurationList = 8449D5A11DBB3D3F0080515E /* Build configuration list for PBXNativeTarget "testUITests" */;
			buildPhases = (
				8449D58E1DBB3D3F0080515E /* Sources */,
				8449D58F1DBB3D3F0080515E /* Frameworks */,
				8449D5901DBB3D3F0080515E /* Resources */,
			);
			buildRules = (
			);
			dependencies = (
				8449D5941DBB3D3F0080515E /* PBXTargetDependency */,
			);
			name = testUITests;
			productName = testUITests;
			productReference = 8449D5921DBB3D3F0080515E /* testUITests.xctest */;
			productType = "com.apple.product-type.bundle.ui-testing";
		};
/* End PBXNativeTarget section */

/* Begin PBXProject section */
		8449D56B1DBB3D3F0080515E /* Project object */ = {
			isa = PBXProject;
			attributes = {
				LastSwiftUpdateCheck = 0800;
				LastUpgradeCheck = 0800;
				ORGANIZATIONNAME = Whatever;
				TargetAttributes = {
					8449D5721DBB3D3F0080515E = {
						CreatedOnToolsVersion = 8.0;
						DevelopmentTeam = H9H2TXG9Z8;
						ProvisioningStyle = Automatic;
					};
					8449D5861DBB3D3F0080515E = {
						CreatedOnToolsVersion = 8.0;
						DevelopmentTeam = H9H2TXG9Z8;
						ProvisioningStyle = Automatic;
						TestTargetID = 8449D5721DBB3D3F0080515E;
					};
					8449D5911DBB3D3F0080515E = {
						CreatedOnToolsVersion = 8.0;
						DevelopmentTeam = H9H2TXG9Z8;
						ProvisioningStyle = Automatic;
						TestTargetID = 8449D5721DBB3D3F0080515E;
					};
				};
			};
			buildConfigurationList = 8449D56E1DBB3D3F0080515E /* Build configuration list for PBXProject "test" */;
			compatibilityVersion = "Xcode 3.2";
			developmentRegion = English;
			hasScannedForEncodings = 0;
			knownRegions = (
				en,
				Base,
			);
			mainGroup = 8449D56A1DBB3D3F0080515E;
			productRefGroup = 8449D5741DBB3D3F0080515E /* Products */;
			projectDirPath = "";
			projectRoot = "";
			targets = (
				8449D5721DBB3D3F0080515E /* test */,
				8449D5861DBB3D3F0080515E /* testTests */,
				8449D5911DBB3D3F0080515E /* testUITests */,
			);
		};
/* End PBXProject section */

/* Begin PBXResourcesBuildPhase section */
		8449D5711DBB3D3F0080515E /* Resources */ = {
			isa = PBXResourcesBuildPhase;
			buildActionMask = 2147483647;
			files = (
				8449D5811DBB3D3F0080515E /* LaunchScreen.storyboard in Resources */,
				8449D57E1DBB3D3F0080515E /* Assets.xcassets in Resources */,
				8449D57C1DBB3D3F0080515E /* Main.storyboard in Resources */,
			);
			runOnlyForDeploymentPostprocessing = 0;
		};
		8449D5851DBB3D3F0080515E /* Resources */ = {
			isa = PBXResourcesBuildPhase;
			buildActionMask = 2147483647;
			files = (
			);
			runOnlyForDeploymentPostprocessing = 0;
		};
		8449D5901DBB3D3F0080515E /* Resources */ = {
			isa = PBXResourcesBuildPhase;
			buildActionMask = 2147483647;
			files = (
			);
			runOnlyForDeploymentPostprocessing = 0;
		};
/* End PBXResourcesBuildPhase section */

/* Begin PBXSourcesBuildPhase section */
		8449D56F1DBB3D3F0080515E /* Sources */ = {
			isa = PBXSourcesBuildPhase;
			buildActionMask = 2147483647;
			files = (
				8449D5791DBB3D3F0080515E /* ViewController.swift in Sources */,
				8449D5771DBB3D3F0080515E /* AppDelegate.swift in Sources */,
			);
			runOnlyForDeploymentPostprocessing = 0;
		};
		8449D5831DBB3D3F0080515E /* Sources */ = {
			isa = PBXSourcesBuildPhase;
			buildActionMask = 2147483647;
			files = (
				8449D58C1DBB3D3F0080515E /* testTests.swift in Sources */,
			);
			runOnlyForDeploymentPostprocessing = 0;
		};
		8449D58E1DBB3D3F0080515E /* Sources */ = {
			isa = PBXSourcesBuildPhase;
			buildActionMask = 2147483647;
			files = (
				8449D5971DBB3D3F0080515E /* testUITests.swift in Sources */,
			);
			runOnlyForDeploymentPostprocessing = 0;
		};
/* End PBXSourcesBuildPhase section */

/* Begin PBXTargetDependency section */
		8449D5891DBB3D3F0080515E /* PBXTargetDependency */ = {
			isa = PBXTargetDependency;
			target = 8449D5721DBB3D3F0080515E /* test */;
			targetProxy = 8449D5881DBB3D3F0080515E /* PBXContainerItemProxy */;
		};
		8449D5941DBB3D3F0080515E /* PBXTargetDependency */ = {
			isa = PBXTargetDependency;
			target = 8449D5721DBB3D3F0080515E /* test */;
			targetProxy = 8449D5931DBB3D3F0080515E /* PBXContainerItemProxy */;
		};
/* End PBXTargetDependency section */

/* Begin PBXVariantGroup section */
		8449D57A1DBB3D3F0080515E /* Main.storyboard */ = {
			isa = PBXVariantGroup;
			children = (
				8449D57B1DBB3D3F0080515E /* Base */,
			);
			name = Main.storyboard;
			sourceTree = "<group>";
		};
		8449D57F1DBB3D3F0080515E /* LaunchScreen.storyboard */ = {
			isa = PBXVariantGroup;
			children = (
				8449D5801DBB3D3F0080515E /* Base */,
			);
			name = LaunchScreen.storyboard;
			sourceTree = "<group>";
		};
/* End PBXVariantGroup section */

/* Begin XCBuildConfiguration section */
		8449D5991DBB3D3F0080515E /* Debug */ = {
			isa = XCBuildConfiguration;
			buildSettings = {
				ALWAYS_SEARCH_USER_PATHS = NO;
				CLANG_ANALYZER_NONNULL = YES;
				CLANG_CXX_LANGUAGE_STANDARD = "gnu++0x";
				CLANG_CXX_LIBRARY = "libc++";
				CLANG_ENABLE_MODULES = YES;
				CLANG_ENABLE_OBJC_ARC = YES;
				CLANG_WARN_BOOL_CONVERSION = YES;
				CLANG_WARN_CONSTANT_CONVERSION = YES;
				CLANG_WARN_DIRECT_OBJC_ISA_USAGE = YES_ERROR;
				CLANG_WARN_DOCUMENTATION_COMMENTS = YES;
				CLANG_WARN_EMPTY_BODY = YES;
				CLANG_WARN_ENUM_CONVERSION = YES;
				CLANG_WARN_INFINITE_RECURSION = YES;
				CLANG_WARN_INT_CONVERSION = YES;
				CLANG_WARN_OBJC_ROOT_CLASS = YES_ERROR;
				CLANG_WARN_SUSPICIOUS_MOVES = YES;
				CLANG_WARN_UNREACHABLE_CODE = YES;
				CLANG_WARN__DUPLICATE_METHOD_MATCH = YES;
				"CODE_SIGN_IDENTITY[sdk=iphoneos*]" = "iPhone Developer";
				COPY_PHASE_STRIP = NO;
				DEBUG_INFORMATION_FORMAT = dwarf;
				ENABLE_STRICT_OBJC_MSGSEND = YES;
				ENABLE_TESTABILITY = YES;
				GCC_C_LANGUAGE_STANDARD = gnu99;
				GCC_DYNAMIC_NO_PIC = NO;
				GCC_NO_COMMON_BLOCKS = YES;
				GCC_OPTIMIZATION_LEVEL = 0;
				GCC_PREPROCESSOR_DEFINITIONS = (
					"DEBUG=1",
					"$(inherited)",
				);
				GCC_WARN_64_TO_32_BIT_CONVERSION = YES;
				GCC_WARN_ABOUT_RETURN_TYPE = YES_ERROR;
				GCC_WARN_UNDECLARED_SELECTOR = YES;
				GCC_WARN_UNINITIALIZED_AUTOS = YES_AGGRESSIVE;
				GCC_WARN_UNUSED_FUNCTION = YES;
				GCC_WARN_UNUSED_VARIABLE = YES;
				IPHONEOS_DEPLOYMENT_TARGET = 10.0;
				MTL_ENABLE_DEBUG_INFO = YES;
				ONLY_ACTIVE_ARCH = YES;
				SDKROOT = iphoneos;
				SWIFT_ACTIVE_COMPILATION_CONDITIONS = DEBUG;
				SWIFT_OPTIMIZATION_LEVEL = "-Onone";
				TARGETED_DEVICE_FAMILY = "1,2";
			};
			name = Debug;
		};
		8449D59A1DBB3D3F0080515E /* Release */ = {
			isa = XCBuildConfiguration;
			buildSettings = {
				ALWAYS_SEARCH_USER_PATHS = NO;
				CLANG_ANALYZER_NONNULL = YES;
				CLANG_CXX_LANGUAGE_STANDARD = "gnu++0x";
				CLANG_CXX_LIBRARY = "libc++";
				CLANG_ENABLE_MODULES = YES;
				CLANG_ENABLE_OBJC_ARC = YES;
				CLANG_WARN_BOOL_CONVERSION = YES;
				CLANG_WARN_CONSTANT_CONVERSION = YES;
				CLANG_WARN_DIRECT_OBJC_ISA_USAGE = YES_ERROR;
				CLANG_WARN_DOCUMENTATION_COMMENTS = YES;
				CLANG_WARN_EMPTY_BODY = YES;
				CLANG_WARN_ENUM_CONVERSION = YES;
				CLANG_WARN_INFINITE_RECURSION = YES;
				CLANG_WARN_INT_CONVERSION = YES;
				CLANG_WARN_OBJC_ROOT_CLASS = YES_ERROR;
				CLANG_WARN_SUSPICIOUS_MOVES = YES;
				CLANG_WARN_UNREACHABLE_CODE = YES;
				CLANG_WARN__DUPLICATE_METHOD_MATCH = YES;
				"CODE_SIGN_IDENTITY[sdk=iphoneos*]" = "iPhone Developer";
				COPY_PHASE_STRIP = NO;
				DEBUG_INFORMATION_FORMAT = "dwarf-with-dsym";
				ENABLE_NS_ASSERTIONS = NO;
				ENABLE_STRICT_OBJC_MSGSEND = YES;
				GCC_C_LANGUAGE_STANDARD = gnu99;
				GCC_NO_COMMON_BLOCKS = YES;
				GCC_WARN_64_TO_32_BIT_CONVERSION = YES;
				GCC_WARN_ABOUT_RETURN_TYPE = YES_ERROR;
				GCC_WARN_UNDECLARED_SELECTOR = YES;
				GCC_WARN_UNINITIALIZED_AUTOS = YES_AGGRESSIVE;
				GCC_WARN_UNUSED_FUNCTION = YES;
				GCC_WARN_UNUSED_VARIABLE = YES;
				IPHONEOS_DEPLOYMENT_TARGET = 10.0;
				MTL_ENABLE_DEBUG_INFO = NO;
				SDKROOT = iphoneos;
				SWIFT_OPTIMIZATION_LEVEL = "-Owholemodule";
				TARGETED_DEVICE_FAMILY = "1,2";
				VALIDATE_PRODUCT = YES;
			};
			name = Release;
		};
		8449D59C1DBB3D3F0080515E /* Debug */ = {
			isa = XCBuildConfiguration;
			buildSettings = {
				ASSETCATALOG_COMPILER_APPICON_NAME = AppIcon;
				DEVELOPMENT_TEAM = H9H2TXG9Z8;
				INFOPLIST_FILE = test/Info.plist;
				LD_RUNPATH_SEARCH_PATHS = "$(inherited) @executable_path/Frameworks";
				PRODUCT_BUNDLE_IDENTIFIER = com.whatever.test;
				PRODUCT_NAME = "$(TARGET_NAME)";
				SWIFT_VERSION = 3.0;
			};
			name = Debug;
		};
		8449D59D1DBB3D3F0080515E /* Release */ = {
			isa = XCBuildConfiguration;
			buildSettings = {
				ASSETCATALOG_COMPILER_APPICON_NAME = AppIcon;
				DEVELOPMENT_TEAM = H9H2TXG9Z8;
				INFOPLIST_FILE = test/Info.plist;
				LD_RUNPATH_SEARCH_PATHS = "$(inherited) @executable_path/Frameworks";
				PRODUCT_BUNDLE_IDENTIFIER = com.whatever.test;
				PRODUCT_NAME = "$(TARGET_NAME)";
				SWIFT_VERSION = 3.0;
			};
			name = Release;
		};
		8449D59F1DBB3D3F0080515E /* Debug */ = {
			isa = XCBuildConfiguration;
			buildSettings = {
				ALWAYS_EMBED_SWIFT_STANDARD_LIBRARIES = YES;
				BUNDLE_LOADER = "$(TEST_HOST)";
				DEVELOPMENT_TEAM = H9H2TXG9Z8;
				INFOPLIST_FILE = testTests/Info.plist;
				LD_RUNPATH_SEARCH_PATHS = "$(inherited) @executable_path/Frameworks @loader_path/Frameworks";
				PRODUCT_BUNDLE_IDENTIFIER = com.whatever.testTests;
				PRODUCT_NAME = "$(TARGET_NAME)";
				SWIFT_VERSION = 3.0;
				TEST_HOST = "$(BUILT_PRODUCTS_DIR)/test.app/test";
			};
			name = Debug;
		};
		8449D5A01DBB3D3F0080515E /* Release */ = {
			isa = XCBuildConfiguration;
			buildSettings = {
				ALWAYS_EMBED_SWIFT_STANDARD_LIBRARIES = YES;
				BUNDLE_LOADER = "$(TEST_HOST)";
				DEVELOPMENT_TEAM = H9H2TXG9Z8;
				INFOPLIST_FILE = testTests/Info.plist;
				LD_RUNPATH_SEARCH_PATHS = "$(inherited) @executable_path/Frameworks @loader_path/Frameworks";
				PRODUCT_BUNDLE_IDENTIFIER = com.whatever.testTests;
				PRODUCT_NAME = "$(TARGET_NAME)";
				SWIFT_VERSION = 3.0;
				TEST_HOST = "$(BUILT_PRODUCTS_DIR)/test.app/test";
			};
			name = Release;
		};
		8449D5A21DBB3D3F0080515E /* Debug */ = {
			isa = XCBuildConfiguration;
			buildSettings = {
				ALWAYS_EMBED_SWIFT_STANDARD_LIBRARIES = YES;
				DEVELOPMENT_TEAM = H9H2TXG9Z8;
				INFOPLIST_FILE = testUITests/Info.plist;
				LD_RUNPATH_SEARCH_PATHS = "$(inherited) @executable_path/Frameworks @loader_path/Frameworks";
				PRODUCT_BUNDLE_IDENTIFIER = com.whatever.testUITests;
				PRODUCT_NAME = "$(TARGET_NAME)";
				SWIFT_VERSION = 3.0;
				TEST_TARGET_NAME = test;
			};
			name = Debug;
		};
		8449D5A31DBB3D3F0080515E /* Release */ = {
			isa = XCBuildConfiguration;
			buildSettings = {
				ALWAYS_EMBED_SWIFT_STANDARD_LIBRARIES = YES;
				DEVELOPMENT_TEAM = H9H2TXG9Z8;
				INFOPLIST_FILE = testUITests/Info.plist;
				LD_RUNPATH_SEARCH_PATHS = "$(inherited) @executable_path/Frameworks @loader_path/Frameworks";
				PRODUCT_BUNDLE_IDENTIFIER = com.whatever.testUITests;
				PRODUCT_NAME = "$(TARGET_NAME)";
				SWIFT_VERSION = 3.0;
				TEST_TARGET_NAME = test;
			};
			name = Release;
		};
/* End XCBuildConfiguration section */

/* Begin XCConfigurationList section */
		8449D56E1DBB3D3F0080515E /* Build configuration list for PBXProject "test" */ = {
			isa = XCConfigurationList;
			buildConfigurations = (
				8449D5991DBB3D3F0080515E /* Debug */,
				8449D59A1DBB3D3F0080515E /* Release */,
			);
			defaultConfigurationIsVisible = 0;
			defaultConfigurationName = Release;
		};
		8449D59B1DBB3D3F0080515E /* Build configuration list for PBXNativeTarget "test" */ = {
			isa = XCConfigurationList;
			buildConfigurations = (
				8449D59C1DBB3D3F0080515E /* Debug */,
				8449D59D1DBB3D3F0080515E /* Release */,
			);
			defaultConfigurationIsVisible = 0;
		};
		8449D59E1DBB3D3F0080515E /* Build configuration list for PBXNativeTarget "testTests" */ = {
			isa = XCConfigurationList;
			buildConfigurations = (
				8449D59F1DBB3D3F0080515E /* Debug */,
				8449D5A01DBB3D3F0080515E /* Release */,
			);
			defaultConfigurationIsVisible = 0;
		};
		8449D5A11DBB3D3F0080515E /* Build configuration list for PBXNativeTarget "testUITests" */ = {
			isa = XCConfigurationList;
			buildConfigurations = (
				8449D5A21DBB3D3F0080515E /* Debug */,
				8449D5A31DBB3D3F0080515E /* Release */,
			);
			defaultConfigurationIsVisible = 0;
		};
/* End XCConfigurationList section */
	};
	rootObject = 8449D56B1DBB3D3F0080515E /* Project object */;
}
